
Microsoft Visual Studio Solution File, Format Version 12.00
# Visual Studio Version 17
VisualStudioVersion = 17.5.33414.496
MinimumVisualStudioVersion = 10.0.40219.1
Project("{FAE04EC0-301F-11D3-BF4B-00C04F79EFBC}") = "Lambda_Expression", "Lambda_Expression.csproj", "{BCF414E7-15F3-4518-A560-D9E44B5ED905}"
EndProject
Global
	GlobalSection(SolutionConfigurationPlatforms) = preSolution
		Debug|Any CPU = Debug|Any CPU
		Release|Any CPU = Release|Any CPU
	EndGlobalSection
	GlobalSection(ProjectConfigurationPlatforms) = postSolution
		{BCF414E7-15F3-4518-A560-D9E44B5ED905}.Debug|Any CPU.ActiveCfg = Debug|Any CPU
		{BCF414E7-15F3-4518-A560-D9E44B5ED905}.Debug|Any CPU.Build.0 = Debug|Any CPU
		{BCF414E7-15F3-4518-A560-D9E44B5ED905}.Release|Any CPU.ActiveCfg = Release|Any CPU
		{BCF414E7-15F3-4518-A560-D9E44B5ED905}.Release|Any CPU.Build.0 = Release|Any CPU
	EndGlobalSection
	GlobalSection(SolutionProperties) = preSolution
		HideSolutionNode = FALSE
	EndGlobalSection
	GlobalSection(ExtensibilityGlobals) = postSolution
		SolutionGuid = {F62EE2B5-21B4-47B5-8B06-2C173FD21D52}
	EndGlobalSection
EndGlobal
